
Microsoft Visual Studio Solution File, Format Version 12.00
# Visual Studio Version 17
VisualStudioVersion = 17.9.34728.123
MinimumVisualStudioVersion = 10.0.40219.1
Project("{9A19103F-16F7-4668-BE54-9A1E7A4F7556}") = "P01_DbFirst", "P01_DbFirst\P01_DbFirst.csproj", "{6E41E6D5-845B-45A5-80DD-EBE8A0F51DA3}"
EndProject
Project("{FAE04EC0-301F-11D3-BF4B-00C04F79EFBC}") = "P02_CodeFirst", "P02_CodeFirst\P02_CodeFirst.csproj", "{41B9DA9F-F067-40C4-95C6-D01506FB785F}"
EndProject
Global
	GlobalSection(SolutionConfigurationPlatforms) = preSolution
		Debug|Any CPU = Debug|Any CPU
		Release|Any CPU = Release|Any CPU
	EndGlobalSection
	GlobalSection(ProjectConfigurationPlatforms) = postSolution
		{6E41E6D5-845B-45A5-80DD-EBE8A0F51DA3}.Debug|Any CPU.ActiveCfg = Debug|Any CPU
		{6E41E6D5-845B-45A5-80DD-EBE8A0F51DA3}.Debug|Any CPU.Build.0 = Debug|Any CPU
		{6E41E6D5-845B-45A5-80DD-EBE8A0F51DA3}.Release|Any CPU.ActiveCfg = Release|Any CPU
		{6E41E6D5-845B-45A5-80DD-EBE8A0F51DA3}.Release|Any CPU.Build.0 = Release|Any CPU
		{41B9DA9F-F067-40C4-95C6-D01506FB785F}.Debug|Any CPU.ActiveCfg = Debug|Any CPU
		{41B9DA9F-F067-40C4-95C6-D01506FB785F}.Debug|Any CPU.Build.0 = Debug|Any CPU
		{41B9DA9F-F067-40C4-95C6-D01506FB785F}.Release|Any CPU.ActiveCfg = Release|Any CPU
		{41B9DA9F-F067-40C4-95C6-D01506FB785F}.Release|Any CPU.Build.0 = Release|Any CPU
	EndGlobalSection
	GlobalSection(SolutionProperties) = preSolution
		HideSolutionNode = FALSE
	EndGlobalSection
	GlobalSection(ExtensibilityGlobals) = postSolution
		SolutionGuid = {AB7180BD-E705-40A6-AFA3-3449F2916011}
	EndGlobalSection
EndGlobal
